
Microsoft Visual Studio Solution File, Format Version 12.00
# Visual Studio Version 17
VisualStudioVersion = 17.2.32616.157
MinimumVisualStudioVersion = 10.0.40219.1
Project("{FAE04EC0-301F-11D3-BF4B-00C04F79EFBC}") = "Emiliano-Chiapponi", "Emiliano-Chiapponi.csproj", "{903344F8-87F5-449B-AC51-E00730E6CC75}"
EndProject
Global
	GlobalSection(SolutionConfigurationPlatforms) = preSolution
		Debug|Any CPU = Debug|Any CPU
		Release|Any CPU = Release|Any CPU
	EndGlobalSection
	GlobalSection(ProjectConfigurationPlatforms) = postSolution
		{903344F8-87F5-449B-AC51-E00730E6CC75}.Debug|Any CPU.ActiveCfg = Debug|Any CPU
		{903344F8-87F5-449B-AC51-E00730E6CC75}.Debug|Any CPU.Build.0 = Debug|Any CPU
		{903344F8-87F5-449B-AC51-E00730E6CC75}.Release|Any CPU.ActiveCfg = Release|Any CPU
		{903344F8-87F5-449B-AC51-E00730E6CC75}.Release|Any CPU.Build.0 = Release|Any CPU
	EndGlobalSection
	GlobalSection(SolutionProperties) = preSolution
		HideSolutionNode = FALSE
	EndGlobalSection
	GlobalSection(ExtensibilityGlobals) = postSolution
		SolutionGuid = {E093D287-4D9D-43C3-B8E6-DBC36CE7AC64}
	EndGlobalSection
EndGlobal
